
Microsoft Visual Studio Solution File, Format Version 12.00
# Visual Studio Version 17
VisualStudioVersion = 17.5.33516.290
MinimumVisualStudioVersion = 10.0.40219.1
Project("{2150E333-8FDC-42A3-9474-1A3956D46DE8}") = "src", "src", "{C92A0C39-6282-4EA5-BB85-0959162A22A9}"
EndProject
Project("{2150E333-8FDC-42A3-9474-1A3956D46DE8}") = "Services", "Services", "{25D5310C-EE6A-4AA2-96A6-B3D9F9A64C94}"
EndProject
Project("{9A19103F-16F7-4668-BE54-9A1E7A4F7556}") = "ProductService.Api", "TekeTech.Ecommerce.WebApi\src\Services\ProductService.Api\ProductService.Api.csproj", "{76959DF1-69DF-4C7E-A8FC-3C188C5B30FB}"
EndProject
Project("{FAE04EC0-301F-11D3-BF4B-00C04F79EFBC}") = "Customer.Api", "TekeTech.Ecommerce.WebApi\src\Services\Customer.Api\Customer.Api.csproj", "{9A36F9CE-E1F4-4F12-9376-93ED7F680AD5}"
EndProject
Project("{FAE04EC0-301F-11D3-BF4B-00C04F79EFBC}") = "BasketService.Api", "TekeTech.Ecommerce.WebApi\src\Services\BasketService.Api\BasketService.Api.csproj", "{4FBCE307-1019-4FB6-AA77-D0C9B03D2328}"
EndProject
Global
	GlobalSection(SolutionConfigurationPlatforms) = preSolution
		Debug|Any CPU = Debug|Any CPU
		Release|Any CPU = Release|Any CPU
	EndGlobalSection
	GlobalSection(ProjectConfigurationPlatforms) = postSolution
		{76959DF1-69DF-4C7E-A8FC-3C188C5B30FB}.Debug|Any CPU.ActiveCfg = Debug|Any CPU
		{76959DF1-69DF-4C7E-A8FC-3C188C5B30FB}.Debug|Any CPU.Build.0 = Debug|Any CPU
		{76959DF1-69DF-4C7E-A8FC-3C188C5B30FB}.Release|Any CPU.ActiveCfg = Release|Any CPU
		{76959DF1-69DF-4C7E-A8FC-3C188C5B30FB}.Release|Any CPU.Build.0 = Release|Any CPU
		{9A36F9CE-E1F4-4F12-9376-93ED7F680AD5}.Debug|Any CPU.ActiveCfg = Debug|Any CPU
		{9A36F9CE-E1F4-4F12-9376-93ED7F680AD5}.Debug|Any CPU.Build.0 = Debug|Any CPU
		{9A36F9CE-E1F4-4F12-9376-93ED7F680AD5}.Release|Any CPU.ActiveCfg = Release|Any CPU
		{9A36F9CE-E1F4-4F12-9376-93ED7F680AD5}.Release|Any CPU.Build.0 = Release|Any CPU
		{4FBCE307-1019-4FB6-AA77-D0C9B03D2328}.Debug|Any CPU.ActiveCfg = Debug|Any CPU
		{4FBCE307-1019-4FB6-AA77-D0C9B03D2328}.Debug|Any CPU.Build.0 = Debug|Any CPU
		{4FBCE307-1019-4FB6-AA77-D0C9B03D2328}.Release|Any CPU.ActiveCfg = Release|Any CPU
		{4FBCE307-1019-4FB6-AA77-D0C9B03D2328}.Release|Any CPU.Build.0 = Release|Any CPU
	EndGlobalSection
	GlobalSection(SolutionProperties) = preSolution
		HideSolutionNode = FALSE
	EndGlobalSection
	GlobalSection(NestedProjects) = preSolution
		{25D5310C-EE6A-4AA2-96A6-B3D9F9A64C94} = {C92A0C39-6282-4EA5-BB85-0959162A22A9}
		{76959DF1-69DF-4C7E-A8FC-3C188C5B30FB} = {25D5310C-EE6A-4AA2-96A6-B3D9F9A64C94}
		{9A36F9CE-E1F4-4F12-9376-93ED7F680AD5} = {25D5310C-EE6A-4AA2-96A6-B3D9F9A64C94}
		{4FBCE307-1019-4FB6-AA77-D0C9B03D2328} = {25D5310C-EE6A-4AA2-96A6-B3D9F9A64C94}
	EndGlobalSection
	GlobalSection(ExtensibilityGlobals) = postSolution
		SolutionGuid = {D234CC1D-CFEA-42EF-8D0B-F6D666FFE526}
	EndGlobalSection
EndGlobal
